
Microsoft Visual Studio Solution File, Format Version 12.00
# Visual Studio Version 16
VisualStudioVersion = 16.0.29306.81
MinimumVisualStudioVersion = 10.0.40219.1
Project("{9A19103F-16F7-4668-BE54-9A1E7A4F7556}") = "MiTutor", "MiTutor.csproj", "{0638D041-50B3-4638-9F91-971C82F70E89}"
EndProject
Global
	GlobalSection(SolutionConfigurationPlatforms) = preSolution
		Debug|Any CPU = Debug|Any CPU
		Release|Any CPU = Release|Any CPU
	EndGlobalSection
	GlobalSection(ProjectConfigurationPlatforms) = postSolution
		{0638D041-50B3-4638-9F91-971C82F70E89}.Debug|Any CPU.ActiveCfg = Debug|Any CPU
		{0638D041-50B3-4638-9F91-971C82F70E89}.Debug|Any CPU.Build.0 = Debug|Any CPU
		{0638D041-50B3-4638-9F91-971C82F70E89}.Release|Any CPU.ActiveCfg = Release|Any CPU
		{0638D041-50B3-4638-9F91-971C82F70E89}.Release|Any CPU.Build.0 = Release|Any CPU
	EndGlobalSection
	GlobalSection(SolutionProperties) = preSolution
		HideSolutionNode = FALSE
	EndGlobalSection
	GlobalSection(ExtensibilityGlobals) = postSolution
		SolutionGuid = {C13FECBA-B9B7-44BB-850D-0A9A9377ABDF}
	EndGlobalSection
EndGlobal
